
Microsoft Visual Studio Solution File, Format Version 12.00
# Visual Studio Version 17
VisualStudioVersion = 17.8.34511.84
MinimumVisualStudioVersion = 10.0.40219.1
Project("{FAE04EC0-301F-11D3-BF4B-00C04F79EFBC}") = "WpfApp3", "WpfApp3\WpfApp3.csproj", "{B82E9092-930A-4BDB-9BF2-C632FBC34606}"
EndProject
Global
	GlobalSection(SolutionConfigurationPlatforms) = preSolution
		Debug|Any CPU = Debug|Any CPU
		Release|Any CPU = Release|Any CPU
	EndGlobalSection
	GlobalSection(ProjectConfigurationPlatforms) = postSolution
		{B82E9092-930A-4BDB-9BF2-C632FBC34606}.Debug|Any CPU.ActiveCfg = Debug|Any CPU
		{B82E9092-930A-4BDB-9BF2-C632FBC34606}.Debug|Any CPU.Build.0 = Debug|Any CPU
		{B82E9092-930A-4BDB-9BF2-C632FBC34606}.Release|Any CPU.ActiveCfg = Release|Any CPU
		{B82E9092-930A-4BDB-9BF2-C632FBC34606}.Release|Any CPU.Build.0 = Release|Any CPU
	EndGlobalSection
	GlobalSection(SolutionProperties) = preSolution
		HideSolutionNode = FALSE
	EndGlobalSection
	GlobalSection(ExtensibilityGlobals) = postSolution
		SolutionGuid = {6D804DA1-D28D-4494-A3FF-E771175BC75B}
	EndGlobalSection
EndGlobal
